{
    "_meta": {
        "hash": {
            "sha256": "f57a46f4259ffcf7a4f17c035018bae7d78b574b33431e92f2b04bb774ba04b5"
        },
        "pipfile-spec": 6,
        "requires": {
            "python_version": "3.8"
        },
        "sources": [
            {
                "name": "pypi",
                "url": "https://pypi.org/simple",
                "verify_ssl": true
            }
        ]
    },
    "default": {
        "aiofiles": {
            "hashes": [
                "sha256:a1c4fc9b2ff81568c83e21392a82f344ea9d23da906e4f6a52662764545e19d4",
                "sha256:c67a6823b5f23fcab0a2595a289cec7d8c863ffcb4322fb8cd6b90400aedfdbc"
            ],
            "index": "pypi",
            "version": "==0.7.0"
        },
        "anyio": {
            "hashes": [
                "sha256:a0aeffe2fb1fdf374a8e4b471444f0f3ac4fb9f5a5b542b48824475e0042a5a6",
                "sha256:b5fa16c5ff93fa1046f2eeb5bbff2dad4d3514d6cda61d02816dba34fa8c3c2e"
            ],
            "markers": "python_full_version >= '3.6.2'",
            "version": "==3.5.0"
        },
        "appdirs": {
            "hashes": [
                "sha256:7d5d0167b2b1ba821647616af46a749d1c653740dd0d2415100fe26e27afdf41",
                "sha256:a841dacd6b99318a741b166adb07e19ee71a274450e68237b4650ca1055ab128"
            ],
            "index": "pypi",
            "version": "==1.4.4"
        },
        "arrow": {
            "hashes": [
                "sha256:77a60a4db5766d900a2085ce9074c5c7b8e2c99afeaa98ad627637ff6f292510",
                "sha256:dee7602f6c60e3ec510095b5e301441bc56288cb8f51def14dcb3079f623823a"
            ],
            "index": "pypi",
            "version": "==1.1.1"
        },
        "certifi": {
            "hashes": [
                "sha256:78884e7c1d4b00ce3cea67b44566851c4343c120abd683433ce934a68ea58872",
                "sha256:d62a0163eb4c2344ac042ab2bdf75399a71a2d8c7d47eac2e2ee91b9d6339569"
            ],
            "version": "==2021.10.8"
        },
        "charset-normalizer": {
            "hashes": [
                "sha256:2857e29ff0d34db842cd7ca3230549d1a697f96ee6d3fb071cfa6c7393832597",
                "sha256:6881edbebdb17b39b4eaaa821b438bf6eddffb4468cf344f09f89def34a8b1df"
            ],
            "markers": "python_version >= '3.5'",
            "version": "==2.0.12"
        },
        "colour": {
            "hashes": [
                "sha256:33f6db9d564fadc16e59921a56999b79571160ce09916303d35346dddc17978c",
                "sha256:af20120fefd2afede8b001fbef2ea9da70ad7d49fafdb6489025dae8745c3aee"
            ],
            "index": "pypi",
            "version": "==0.1.5"
        },
        "future": {
            "hashes": [
                "sha256:b1bead90b70cf6ec3f0710ae53a525360fa360d306a86583adc6bf83a4db537d"
            ],
            "markers": "python_version >= '2.6' and python_version not in '3.0, 3.1, 3.2, 3.3'",
            "version": "==0.18.2"
        },
        "geographiclib": {
            "hashes": [
                "sha256:8f441c527b0b8a26cd96c965565ff0513d1e4d9952b704bf449409e5015c77b7",
                "sha256:ac400d672b8954b0306bca890b088bb8ba2a757dc8133cca0b878f34b33b2740"
            ],
            "version": "==1.52"
        },
        "geopy": {
            "hashes": [
                "sha256:58b7edf526b8c32e33126570b5f4fcdfaa29d4416506064777ae8d84cd103fdd",
                "sha256:8f1f949082b964385de61fcc3a667a6a9a6e242beb1ae8972449f164b2ba0e89"
            ],
            "index": "pypi",
            "version": "==2.2.0"
        },
        "gpxpy": {
            "hashes": [
                "sha256:0832041899cdfdc5a607291bbef3d73042e16ffcecc3f2cb9631b699db0bb53f"
            ],
            "index": "pypi",
            "version": "==1.4.2"
        },
        "greenlet": {
            "hashes": [
                "sha256:004aed447382d80a56ecc354a6d807f305e6c808714ce6ccbca4839c94fae81d",
                "sha256:068d68fad6bd623e29a2d36e74538c9b9d6dc6464931cd27d93da6cfc6a7f242",
                "sha256:06fd4075754009c9817c6b4e1dc0af4616de52757b6ca973a81c3c1aadc28257",
                "sha256:1004cb542451814b12a4f38e835a47734e2b2c683acbf463d5ae76282a3974cf",
                "sha256:10c358633a8b27bfc32d27114ef2ca2ddc9f1f89f1643d1157b85e1fdd695315",
                "sha256:115bc25fefbdc692c4483e9ddb9011ccd0251590ed59dbfff0f4eb7050bf99c4",
                "sha256:1d987a2579336792f73ae6b106c2f087e32afc8573fbf9566f123ac6d8cfb72f",
                "sha256:2128d727fd1e8afba8e68feb2cdcf88c90163b69ddc9707722a3e491c5280720",
                "sha256:230132c241fe284f93f2e7b3969e9b22bbd76ef98cf93e382c945d378907f5a4",
                "sha256:23558f7bd08a663386c032ab8d302d613d2d02ae0c9758ad410bab6035b58d3d",
                "sha256:255d520d3e4a5f16883b182e1a94219fe455ab4f50aaaf534bfd6d64ee728397",
                "sha256:2a6bc19a728f6f643cfc89b876159a1a25a8f7d8700c013d48a73691f80b4550",
                "sha256:379bed346ef8ba0a0e698b3c5975a44d15dd4a5bbff40bbd7fd548b445d5550b",
                "sha256:3b12d0866759db93b0a893b4e50a7d7d1681519d2346c26695bb8bb2c652230e",
                "sha256:40d491944f69e350e1e8b25f6ca49459824ede1678ec0cd4b5541f41edc06614",
                "sha256:471484c7b9d7b7867263051aa81cdeed6e06b455e629a7f05eb91a6cb8bd0836",
                "sha256:488c557080557bc01aabb3e1bda7225c68455b853733a8652857ac0d810dad1b",
                "sha256:49c2e76e7aa81ba889b3c183e2341af3cc6161ee38852085110ae49d5b5d9a40",
                "sha256:52d13ec90236e5935ed6da044e78faa1371d5116cc43fe6d7ca8994dd619ef96",
                "sha256:57898c69a253d81f487787bdd538629fabd671fab8a9e31b041ca30965fd9556",
                "sha256:5d577eef5beb5730ef01ab39983eb852a97c359b7a546809adf70c409f4b2ecc",
                "sha256:6a41987c1474c9158a0c0c96611530a8f299bc547d35bee8add981b8b2534f74",
                "sha256:6ae67b7df8db3626af8e042e9c6949cfa27d1a3bbbfdff29e45b72bb6673a650",
                "sha256:6c42c27e9d12e8a481aff469ffe8dd4ce0484c354a418470960f760f6ae41e7c",
                "sha256:6c4a90c9f6128b4d0905a89930bd325e0491574e5cb453f606bb7094a3197587",
                "sha256:6e64518e5833ac2d9359b6d9bd4df2c0cf441a0f3a4eca9e735fbea99009fa70",
                "sha256:6fd3a270c23c5b42d86a9c7c6b0229f23ee4a7a4cabdaaa1693ad7a0982d13cb",
                "sha256:70db73351e0fcf11a76288c47a0469d9a330bcb2e7618c5eb57432b8caa82403",
                "sha256:771f401692046845626cbdf1dd0f04e999413ede0ee9ad39033fe30b5fa2e845",
                "sha256:7935026ec61b967cbc6b746c0ca75c1651ea118d7fee4d259cff9e6866153374",
                "sha256:7b76b1cac9baac1980210e29145800954e7b42e91ef69c4d695de1cab87ce41f",
                "sha256:7e3f37c11b6699b1a1e0fcc0e88829dba4f2866546381b05ab8b3f4db645a823",
                "sha256:8370fa65ad421484894f559055f951843754153b72b9bca2ebdc5288efe2e3f0",
                "sha256:8ae9c443d44a4e23252632e4d7775f419f992d0df3eff923e23775f5cc551d39",
                "sha256:8b31d85f2781e44f1ffaaf7ea07f484e7d42317c677c355fa77b4a1a4bea7394",
                "sha256:8b450336b27f3b375cadc474c6704838eaa8dd3ca312aac3bb69d92264a8e638",
                "sha256:9ce84357388a76d886febff4e50e321c212ffd3248b590960b2da6e02404a5c9",
                "sha256:a23e986fb0ba8e7407286add41fa0d4207be44e3dce1b04789f4757800eca1cf",
                "sha256:a81610ee00d0da9cd2c8679479b7791149365b6dfb3971b01b22ee29b04787ce",
                "sha256:b4e40444975e5ab0ed3004369209c39a28e084951daaeee4919f164b6b849b14",
                "sha256:b66600de16702b9dfa74bea34524b55183a2183e5fd92f20fe6c2fcae550a64c",
                "sha256:ba6ee18694d3673796b7a31b7d21254e87e9e43ca5be56f323fd396111255315",
                "sha256:bd03837da28293baa39bdfc3cada69e2f8807f423ae06168aa28d2b32c63a6b6",
                "sha256:bd2192070f88c0778ae1d68a0980fdece3473498c1db37f3794e3454f91e3ecf",
                "sha256:c1f6f1a3cc013012cd1da913c40b13e6d721046a8c8a0ea0cde94069645a75db",
                "sha256:ce10a8e7e067bde3c1fbf494d2b8859db510206030b0b67bc3af90b0eb1887b9",
                "sha256:d31386d208303a5a6cf0819ef9f6db6680bab9e4ca8e48adb3d4b26ead89beb7",
                "sha256:d83b3af53b201970973c5574b39df226746194063bb248a53fd12b470ac34319",
                "sha256:df9657b212c054ac6d803290d7c4bcd7790af0b725984fce1eeb0a1e3f2d9798",
                "sha256:e576e5fd3f129e6b3595dc734ac7f2b8c548f19ef07781194bc538dc9c0cdbbc",
                "sha256:e7400358558094c1bcedc75f3b3c4f400c53130b44833848890a99968dee6a64",
                "sha256:eb6a385f8577d30e4cb43dd555fb134ddaae1edeb84205e09dabec332bf49fd0",
                "sha256:f27f0875e0873f6bf5df09a456bfcac0667824cabac4cad30b43f36e0382ffe7",
                "sha256:fcd4a6d04995f1d66bc78b503e4e59ae72fd32aaec4f661657fe5ae5c1aa4ce3"
            ],
            "markers": "python_version >= '3' and platform_machine == 'aarch64' or (platform_machine == 'ppc64le' or (platform_machine == 'x86_64' or (platform_machine == 'amd64' or (platform_machine == 'AMD64' or (platform_machine == 'win32' or platform_machine == 'WIN32')))))",
            "version": "==2.0.0a2"
        },
        "h11": {
            "hashes": [
                "sha256:36a3cb8c0a032f56e2da7084577878a035d3b61d104230d4bd49c0c6b555a9c6",
                "sha256:47222cb6067e4a307d535814917cd98fd0a57b6788ce715755fa2b6c28b56042"
            ],
            "markers": "python_version >= '3.6'",
            "version": "==0.12.0"
        },
        "h3": {
            "hashes": [
                "sha256:08a09f7a43ed142573c602ef487a058da54ab4d86c173082b29a5057805fe2d3",
                "sha256:0a96ea1844182bd0511cdcdc89e38e3026d9a3d4139fd0c5e899709edd798ffa",
                "sha256:1387166f453816f91d624c6ce70876a3c20356cd28a3a759920dee23c78684cf",
                "sha256:25f0c22f4802ab71c45b86d206bd30fa0a6c7fbc3b630398b60c22907e9742e6",
                "sha256:2bf4d75fe42a260ac23bf4cb9f9de6e6f2aa37279b2719387711f3e0727c4653",
                "sha256:2faf304020493c5ffede34264bd28ed529b8b7238103e0904c0f3e9ca880bcfd",
                "sha256:33b147ecc0e19ab1f27303d0e3ae28e5a457f3347ce18ca9a58b694a8b0cdd0a",
                "sha256:38a084d74b234d48aafc01e4329cd9a92966e3f45b8cf21224118643b6eaa1c0",
                "sha256:3b1642085939c597a9c723ae3b187f80527ffc79cad0ded0e55be9c9bac69c6c",
                "sha256:4469fdf90034b1a67e155cac4f46b077fdc404b6182ab33abcb7081c9bfbf411",
                "sha256:46a1284521d86cab414981056390be944dca780fe74c6c9e463a16d1c8d24871",
                "sha256:585f375ba2a95ceb16b115a378e9118159c912c26703cf1627f57a004818c3b3",
                "sha256:62057c1c3d1c7fe492841e42fa360825d66fafd55ac37dc4e90b2292af21cb47",
                "sha256:68227df989274b0da54de9101a50741c70c48197ba3beacfb97c88170445c18e",
                "sha256:7b0ddfdd02920996d7c6672c91e83efb5432c67ff83f89a03f774e84bcfe19f8",
                "sha256:7c5366d24c2c01ef3bae68547c15f1965fac6053b2596c0073766bf7544ecaf0",
                "sha256:8155b2de1938eb56128fe4fd96e4f6d2022d4c34d8137bc95d73cbf329f8f89e",
                "sha256:83c2b0cd8259541f95b0493a620fb781b6a18c7c1e8fac1bda4fb234ae23ab43",
                "sha256:8d03622433da1a2761574311af378ff1ff841f5956db25927837c6aee9d1c13c",
                "sha256:960cd005b8817314d95fbaff3e848a72385df4e3c6c9703ff99b08581c8def69",
                "sha256:9b0277d82578b3ed3220167ef5c5acd8b4e0ef2fcd6c2fd69dbf29e0c4e03765",
                "sha256:a33fae02a54c63acb3c30fe49388715d658d76d42858a6ad4563e7e6859a9e57",
                "sha256:a59d7d10597a2da9e9729637a625ae8dff2ed4e7c6c0b4952f0a5b2db6ef7152",
                "sha256:ad21cfa8d97a62984ce30692a7ddf71a32a0c744cc247c43cbdbac1536aec4de",
                "sha256:be63482de86bbb91db7f3f3b7dd452b9e08a11dacbda2088386831fb0e7de59c",
                "sha256:c1108a9acb755310dce50a6e3c58ae1a2460ef60901d40e1155d633c7392f858",
                "sha256:c644ab3f221c7faaab2d1ccd11bc3b1106f172e9bb1c85a863b0a097f6b71cce",
                "sha256:c95c0818c163b69989c9e876dd82005e60edfbaabfd45429abebfc26f9a357e8",
                "sha256:cdd68e684f0c6e18604d46ee04dbcfe5c79de62238b2c29f1db0f3a5d8dfa47b",
                "sha256:ce86c6dce2c923bfb16e26586bc5f0443a8be61d4f43227be8587ccb95588a46",
                "sha256:e61d3c6b1b66072f5b74d46dbee7df29daac6ce9738b9a6223a67dc577114515",
                "sha256:f8edf5a546b31afdcd801b60448ea890ce1ff418fb784335e1329519f13aa85e"
            ],
            "version": "==3.7.4"
        },
        "httpcore": {
            "hashes": [
                "sha256:036f960468759e633574d7c121afba48af6419615d36ab8ede979f1ad6276fa3",
                "sha256:369aa481b014cf046f7067fddd67d00560f2f00426e79569d99cb11245134af0"
            ],
            "markers": "python_version >= '3.6'",
            "version": "==0.13.7"
        },
        "httpx": {
            "hashes": [
                "sha256:09606d630f070d07f9ff28104fbcea429ea0014c1e89ac90b4d8de8286c40e7b",
                "sha256:33af5aad9bdc82ef1fc89219c1e36f5693bf9cd0ebe330884df563445682c0f8"
            ],
            "index": "pypi",
            "version": "==0.20.0"
        },
        "idna": {
            "hashes": [
                "sha256:84d9dd047ffa80596e0f246e2eab0b391788b0503584e8945f2368256d2735ff",
                "sha256:9d643ff0a55b762d5cdb124b8eaa99c66322e2157b69160bc32796e824360e6d"
            ],
            "markers": "python_version >= '3.5'",
            "version": "==3.3"
        },
        "numpy": {
            "hashes": [
                "sha256:07a8c89a04997625236c5ecb7afe35a02af3896c8aa01890a849913a2309c676",
                "sha256:08d9b008d0156c70dc392bb3ab3abb6e7a711383c3247b410b39962263576cd4",
                "sha256:201b4d0552831f7250a08d3b38de0d989d6f6e4658b709a02a73c524ccc6ffce",
                "sha256:2c10a93606e0b4b95c9b04b77dc349b398fdfbda382d2a39ba5a822f669a0123",
                "sha256:3ca688e1b9b95d80250bca34b11a05e389b1420d00e87a0d12dc45f131f704a1",
                "sha256:48a3aecd3b997bf452a2dedb11f4e79bc5bfd21a1d4cc760e703c31d57c84b3e",
                "sha256:568dfd16224abddafb1cbcce2ff14f522abe037268514dd7e42c6776a1c3f8e5",
                "sha256:5bfb1bb598e8229c2d5d48db1860bcf4311337864ea3efdbe1171fb0c5da515d",
                "sha256:639b54cdf6aa4f82fe37ebf70401bbb74b8508fddcf4797f9fe59615b8c5813a",
                "sha256:8251ed96f38b47b4295b1ae51631de7ffa8260b5b087808ef09a39a9d66c97ab",
                "sha256:92bfa69cfbdf7dfc3040978ad09a48091143cffb778ec3b03fa170c494118d75",
                "sha256:97098b95aa4e418529099c26558eeb8486e66bd1e53a6b606d684d0c3616b168",
                "sha256:a3bae1a2ed00e90b3ba5f7bd0a7c7999b55d609e0c54ceb2b076a25e345fa9f4",
                "sha256:c34ea7e9d13a70bf2ab64a2532fe149a9aced424cd05a2c4ba662fd989e3e45f",
                "sha256:dbc7601a3b7472d559dc7b933b18b4b66f9aa7452c120e87dfb33d02008c8a18",
                "sha256:e7927a589df200c5e23c57970bafbd0cd322459aa7b1ff73b7c2e84d6e3eae62",
                "sha256:f8c1f39caad2c896bc0018f699882b345b2a63708008be29b1f355ebf6f933fe",
                "sha256:f950f8845b480cffe522913d35567e29dd381b0dc7e4ce6a4a9f9156417d2430",
                "sha256:fade0d4f4d292b6f39951b6836d7a3c7ef5b2347f3c420cd9820a1d90d794802",
                "sha256:fdf3c08bce27132395d3c3ba1503cac12e17282358cb4bddc25cc46b0aca07aa"
            ],
            "markers": "python_version >= '3.8'",
            "version": "==1.22.3"
        },
        "polyline": {
            "hashes": [
                "sha256:6559a0d5d37f4d14255744b3c6a648d5ff480d3d5c5f30186effc72a4142fd6c",
                "sha256:7c7f89d09a09c7b6161bdbfb4fd304b186fc7a2060fa4f31cb3f61c646a5c074"
            ],
            "index": "pypi",
            "version": "==1.4.0"
        },
        "python-dateutil": {
            "hashes": [
                "sha256:0123cacc1627ae19ddf3c27a5de5bd67ee4586fbdd6440d9748f8abb483d3e86",
                "sha256:961d03dc3453ebbc59dbdea9e4e11c5651520a876d0f4db161e8674aae935da9"
            ],
            "markers": "python_version >= '2.7' and python_version not in '3.0, 3.1, 3.2, 3.3'",
            "version": "==2.8.2"
        },
        "pytz": {
            "hashes": [
                "sha256:1e760e2fe6a8163bc0b3d9a19c4f84342afa0a2affebfaa84b01b978a02ecaa7",
                "sha256:e68985985296d9a66a881eb3193b0906246245294a881e7c8afe623866ac6a5c"
            ],
            "version": "==2022.1"
        },
        "pyyaml": {
            "hashes": [
                "sha256:08682f6b72c722394747bddaf0aa62277e02557c0fd1c42cb853016a38f8dedf",
                "sha256:0f5f5786c0e09baddcd8b4b45f20a7b5d61a7e7e99846e3c799b05c7c53fa696",
                "sha256:129def1b7c1bf22faffd67b8f3724645203b79d8f4cc81f674654d9902cb4393",
                "sha256:294db365efa064d00b8d1ef65d8ea2c3426ac366c0c4368d930bf1c5fb497f77",
                "sha256:3b2b1824fe7112845700f815ff6a489360226a5609b96ec2190a45e62a9fc922",
                "sha256:3bd0e463264cf257d1ffd2e40223b197271046d09dadf73a0fe82b9c1fc385a5",
                "sha256:4465124ef1b18d9ace298060f4eccc64b0850899ac4ac53294547536533800c8",
                "sha256:49d4cdd9065b9b6e206d0595fee27a96b5dd22618e7520c33204a4a3239d5b10",
                "sha256:4e0583d24c881e14342eaf4ec5fbc97f934b999a6828693a99157fde912540cc",
                "sha256:5accb17103e43963b80e6f837831f38d314a0495500067cb25afab2e8d7a4018",
                "sha256:607774cbba28732bfa802b54baa7484215f530991055bb562efbed5b2f20a45e",
                "sha256:6c78645d400265a062508ae399b60b8c167bf003db364ecb26dcab2bda048253",
                "sha256:72a01f726a9c7851ca9bfad6fd09ca4e090a023c00945ea05ba1638c09dc3347",
                "sha256:74c1485f7707cf707a7aef42ef6322b8f97921bd89be2ab6317fd782c2d53183",
                "sha256:895f61ef02e8fed38159bb70f7e100e00f471eae2bc838cd0f4ebb21e28f8541",
                "sha256:8c1be557ee92a20f184922c7b6424e8ab6691788e6d86137c5d93c1a6ec1b8fb",
                "sha256:bb4191dfc9306777bc594117aee052446b3fa88737cd13b7188d0e7aa8162185",
                "sha256:bfb51918d4ff3d77c1c856a9699f8492c612cde32fd3bcd344af9be34999bfdc",
                "sha256:c20cfa2d49991c8b4147af39859b167664f2ad4561704ee74c1de03318e898db",
                "sha256:cb333c16912324fd5f769fff6bc5de372e9e7a202247b48870bc251ed40239aa",
                "sha256:d2d9808ea7b4af864f35ea216be506ecec180628aced0704e34aca0b040ffe46",
                "sha256:d483ad4e639292c90170eb6f7783ad19490e7a8defb3e46f97dfe4bacae89122",
                "sha256:dd5de0646207f053eb0d6c74ae45ba98c3395a571a2891858e87df7c9b9bd51b",
                "sha256:e1d4970ea66be07ae37a3c2e48b5ec63f7ba6804bdddfdbd3cfd954d25a82e63",
                "sha256:e4fac90784481d221a8e4b1162afa7c47ed953be40d31ab4629ae917510051df",
                "sha256:fa5ae20527d8e831e8230cbffd9f8fe952815b2b7dae6ffec25318803a7528fc",
                "sha256:fd7f6999a8070df521b6384004ef42833b9bd62cfee11a09bda1079b4b704247",
                "sha256:fdc842473cd33f45ff6bce46aea678a54e3d21f1b61a7750ce3c498eedfe25d6",
                "sha256:fe69978f3f768926cfa37b867e3843918e012cf83f680806599ddce33c2c68b0"
            ],
            "index": "pypi",
            "version": "==5.4.1"
        },
        "requests": {
            "hashes": [
                "sha256:68d7c56fd5a8999887728ef304a6d12edc7be74f1cfa47714fc8b414525c9a61",
                "sha256:f22fa1e554c9ddfd16e6e41ac79759e17be9e492b3587efa038054674760e72d"
            ],
            "markers": "python_version >= '2.7' and python_version not in '3.0, 3.1, 3.2, 3.3, 3.4, 3.5'",
            "version": "==2.27.1"
        },
        "rfc3986": {
            "extras": [
                "idna2008"
            ],
            "hashes": [
                "sha256:270aaf10d87d0d4e095063c65bf3ddbc6ee3d0b226328ce21e036f946e421835",
                "sha256:a86d6e1f5b1dc238b218b012df0aa79409667bb209e58da56d0b94704e712a97"
            ],
            "version": "==1.5.0"
        },
        "s2sphere": {
            "hashes": [
                "sha256:c2478c1ff7c601a59a7151a57b605435897514578fa6bdb8730721c182adbbaf",
                "sha256:d2340c9cf458ddc9a89afd1d8048a4195ce6fa6b0095ab900d4be5271e537401"
            ],
            "index": "pypi",
            "version": "==0.2.5"
        },
        "six": {
            "hashes": [
                "sha256:1e61c37477a1626458e36f7b1d82aa5c9b094fa4802892072e49de9c60c4c926",
                "sha256:8abb2f1d86890a2dfb989f9a77cfcfd3e47c2a354b01111771326f8aa26e0254"
            ],
            "markers": "python_version >= '2.7' and python_version not in '3.0, 3.1, 3.2, 3.3'",
            "version": "==1.16.0"
        },
        "sniffio": {
            "hashes": [
                "sha256:471b71698eac1c2112a40ce2752bb2f4a4814c22a54a3eed3676bc0f5ca9f663",
                "sha256:c4666eecec1d3f50960c6bdf61ab7bc350648da6c126e3cf6898d8cd4ddcd3de"
            ],
            "markers": "python_version >= '3.5'",
            "version": "==1.2.0"
        },
        "sqlalchemy": {
            "hashes": [
                "sha256:093b3109c2747d5dc0fa4314b1caf4c7ca336d5c8c831e3cfbec06a7e861e1e6",
                "sha256:186cb3bd77abf2ddcf722f755659559bfb157647b3fd3f32ea1c70e8311e8f6b",
                "sha256:1b4eac3933c335d7f375639885765722534bb4e52e51cdc01a667eea822af9b6",
                "sha256:1ff9f84b2098ef1b96255a80981ee10f4b5d49b6cfeeccf9632c2078cd86052e",
                "sha256:28aa2ef06c904729620cc735262192e622db9136c26d8587f71f29ec7715628a",
                "sha256:28b17ebbaee6587013be2f78dc4f6e95115e1ec8dd7647c4e7be048da749e48b",
                "sha256:2c6c411d8c59afba95abccd2b418f30ade674186660a2d310d364843049fb2c1",
                "sha256:2ffc813b01dc6473990f5e575f210ca5ac2f5465ace3908b78ffd6d20058aab5",
                "sha256:48036698f20080462e981b18d77d574631a3d1fc2c33b416c6df299ec1d10b99",
                "sha256:48f0eb5bcc87a9b2a95b345ed18d6400daaa86ca414f6840961ed85c342af8f4",
                "sha256:4ba2c1f368bcf8551cdaa27eac525022471015633d5bdafbc4297e0511f62f51",
                "sha256:53c7469b86a60fe2babca4f70111357e6e3d5150373bc85eb3b914356983e89a",
                "sha256:6204d06bfa85f87625e1831ca663f9dba91ac8aec24b8c65d02fb25cbaf4b4d7",
                "sha256:63c82c9e8ccc2fb4bfd87c24ffbac320f70b7c93b78f206c1f9c441fa3013a5f",
                "sha256:70e571ae9ee0ff36ed37e2b2765445d54981e4d600eccdf6fe3838bc2538d157",
                "sha256:95411abc0e36d18f54fa5e24d42960ea3f144fb16caaa5a8c2e492b5424cc82c",
                "sha256:9837133b89ad017e50a02a3b46419869cf4e9aa02743e911b2a9e25fa6b05403",
                "sha256:9bec63b1e20ef69484f530fb4b4837e050450637ff9acd6dccc7003c5013abf8",
                "sha256:9d8edfb09ed2b865485530c13e269833dab62ab2d582fde21026c9039d4d0e62",
                "sha256:9dac1924611698f8fe5b2e58601156c01da2b6c0758ba519003013a78280cf4d",
                "sha256:9e1a72197529ea00357640f21d92ffc7024e156ef9ac36edf271c8335facbc1a",
                "sha256:9e7094cf04e6042c4210a185fa7b9b8b3b789dd6d1de7b4f19452290838e48bd",
                "sha256:a4efb70a62cbbbc052c67dc66b5448b0053b509732184af3e7859d05fdf6223c",
                "sha256:a5dbdbb39c1b100df4d182c78949158073ca46ba2850c64fe02ffb1eb5b70903",
                "sha256:aeea6ace30603ca9a8869853bb4a04c7446856d7789e36694cd887967b7621f6",
                "sha256:b2489e70bfa2356f2d421106794507daccf6cc8711753c442fc97272437fc606",
                "sha256:babd63fb7cb6b0440abb6d16aca2be63342a6eea3dc7b613bb7a9357dc36920f",
                "sha256:c6fb6b9ed1d0be7fa2c90be8ad2442c14cbf84eb0709dd1afeeff1e511550041",
                "sha256:cfd8e4c64c30a5219032e64404d468c425bdbc13b397da906fc9bee6591fc0dd",
                "sha256:d17316100fcd0b6371ac9211351cb976fd0c2e12a859c1a57965e3ef7f3ed2bc",
                "sha256:d38a49aa75a5759d0d118e26701d70c70a37b896379115f8386e91b0444bfa70",
                "sha256:da25e75ba9f3fabc271673b6b413ca234994e6d3453424bea36bb5549c5bbaec",
                "sha256:e255a8dd5572b0c66d6ee53597d36157ad6cf3bc1114f61c54a65189f996ab03",
                "sha256:e8b09e2d90267717d850f2e2323919ea32004f55c40e5d53b41267e382446044",
                "sha256:ecc81336b46e31ae9c9bdfa220082079914e31a476d088d3337ecf531d861228",
                "sha256:effadcda9a129cc56408dd5b2ea20ee9edcea24bd58e6a1489fa27672d733182"
            ],
            "index": "pypi",
            "version": "==1.4.35"
        },
        "stravalib": {
            "hashes": [
                "sha256:451817c68a11e0c77db9cb628e3c4df0f4806c5a481536598ab3baa1d1c21215"
            ],
            "index": "pypi",
            "version": "==0.10.4"
        },
        "svgwrite": {
            "hashes": [
                "sha256:4b21652a1d9c543a6bf4f9f2a54146b214519b7540ca60cb99968ad09ef631d0",
                "sha256:e220a4bf189e7e214a55e8a11421d152b5b6fb1dd660c86a8b6b61fe8cc2ac48"
            ],
            "index": "pypi",
            "version": "==1.4.1"
        },
        "timezonefinder": {
            "hashes": [
                "sha256:90228f7bcf60388868ac95d3d6a8c9f710c766990909cb89dc39a893da7132ad",
                "sha256:ce16831bc6349a82ca25ffc0e4c89df5bc5df29b286e5201701bce852f8e49f2"
            ],
            "index": "pypi",
            "version": "==6.0.0"
        },
        "units": {
            "hashes": [
                "sha256:43eb3e073e1b11289df7b1c3f184b5b917ccad178b717b03933298716f200e14"
            ],
            "version": "==0.7"
        },
        "urllib3": {
            "hashes": [
                "sha256:44ece4d53fb1706f667c9bd1c648f5469a2ec925fcf3a776667042d645472c14",
                "sha256:aabaf16477806a5e1dd19aa41f8c2b7950dd3c746362d7e3223dbe6de6ac448e"
            ],
            "markers": "python_version >= '2.7' and python_version not in '3.0, 3.1, 3.2, 3.3, 3.4' and python_version < '4'",
            "version": "==1.26.9"
        }
    },
    "develop": {
        "appdirs": {
            "hashes": [
                "sha256:7d5d0167b2b1ba821647616af46a749d1c653740dd0d2415100fe26e27afdf41",
                "sha256:a841dacd6b99318a741b166adb07e19ee71a274450e68237b4650ca1055ab128"
            ],
            "index": "pypi",
            "version": "==1.4.4"
        },
        "black": {
            "hashes": [
                "sha256:1c7aa6ada8ee864db745b22790a32f94b2795c253a75d6d9b5e439ff10d23116",
                "sha256:c8373c6491de9362e39271630b65b964607bc5c79c83783547d76c839b3aa219"
            ],
            "index": "pypi",
            "version": "==21.7b0"
        },
        "click": {
            "hashes": [
                "sha256:7682dc8afb30297001674575ea00d1814d808d6a36af415a82bd481d37ba7b8e",
                "sha256:bb4d8133cb15a609f44e8213d9b391b0809795062913b383c62be0ee95b1db48"
            ],
            "markers": "python_version >= '3.7'",
            "version": "==8.1.3"
        },
        "mypy-extensions": {
            "hashes": [
                "sha256:090fedd75945a69ae91ce1303b5824f428daf5a028d2f6ab8a299250a846f15d",
                "sha256:2d82818f5bb3e369420cb3c4060a7970edba416647068eb4c5343488a6c604a8"
            ],
            "version": "==0.4.3"
        },
        "pathspec": {
            "hashes": [
                "sha256:7d15c4ddb0b5c802d161efc417ec1a2558ea2653c2e8ad9c19098201dc1c993a",
                "sha256:e564499435a2673d586f6b2130bb5b95f04a3ba06f81b8f895b651a3c76aabb1"
            ],
            "version": "==0.9.0"
        },
        "regex": {
            "hashes": [
                "sha256:02543d6d5c32d361b7cc468079ba4cddaaf4a6544f655901ba1ff9d8e3f18755",
                "sha256:036d1c1fbe69eba3ee253c107e71749cdbb4776db93d674bc0d5e28f30300734",
                "sha256:071bcb625e890f28b7c4573124a6512ea65107152b1d3ca101ce33a52dad4593",
                "sha256:0f8da3145f4b72f7ce6181c804eaa44cdcea313c8998cdade3d9e20a8717a9cb",
                "sha256:0fb6cb16518ac7eff29d1e0b0cce90275dfae0f17154165491058c31d58bdd1d",
                "sha256:0fd464e547dbabf4652ca5fe9d88d75ec30182981e737c07b3410235a44b9939",
                "sha256:12af15b6edb00e425f713160cfd361126e624ec0de86e74f7cad4b97b7f169b3",
                "sha256:165cc75cfa5aa0f12adb2ac6286330e7229a06dc0e6c004ec35da682b5b89579",
                "sha256:1a07e8366115069f26822c47732122ab61598830a69f5629a37ea8881487c107",
                "sha256:1c2de7f32fa87d04d40f54bce3843af430697aba51c3a114aa62837a0772f219",
                "sha256:253f858a0255cd91a0424a4b15c2eedb12f20274f85731b0d861c8137e843065",
                "sha256:275afc7352982ee947fc88f67a034b52c78395977b5fc7c9be15f7dc95b76f06",
                "sha256:2bde99f2cdfd6db1ec7e02d68cadd384ffe7413831373ea7cc68c5415a0cb577",
                "sha256:3241db067a7f69da57fba8bca543ac8a7ca415d91e77315690202749b9fdaba1",
                "sha256:37903d5ca11fa47577e8952d2e2c6de28553b11c70defee827afb941ab2c6729",
                "sha256:3dfbadb7b74d95f72f9f9dbf9778f7de92722ab520a109ceaf7927461fa85b10",
                "sha256:3e35c50b27f36176c792738cb9b858523053bc495044d2c2b44db24376b266f1",
                "sha256:3e9e983fc8e0d4d5ded7caa5aed39ca2cf6026d7e39801ef6f0af0b1b6cd9276",
                "sha256:3f6bd8178cce5bb56336722d5569d19c50bba5915a69a2050c497fb921e7cb0f",
                "sha256:43ee0df35925ae4b0cc6ee3f60b73369e559dd2ac40945044da9394dd9d3a51d",
                "sha256:45b761406777a681db0c24686178532134c937d24448d9e085279b69e9eb7da4",
                "sha256:46cbc5b23f85e94161b093dba1b49035697cf44c7db3c930adabfc0e6d861b95",
                "sha256:4f2e2cef324ca9355049ee1e712f68e2e92716eba24275e6767b9bfa15f1f478",
                "sha256:50b77622016f03989cd06ecf6b602c7a6b4ed2e3ce04133876b041d109c934ee",
                "sha256:582ea06079a03750b5f71e20a87cd99e646d796638b5894ff85987ebf5e04924",
                "sha256:58521abdab76583bd41ef47e5e2ddd93b32501aee4ee8cee71dee10a45ba46b1",
                "sha256:5b9c7b6895a01204296e9523b3e12b43e013835a9de035a783907c2c1bc447f0",
                "sha256:6165e737acb3bea3271372e8aa5ebe7226c8a8e8da1b94af2d6547c5a09d689d",
                "sha256:66fb765b2173d90389384708e3e1d3e4be1148bd8d4d50476b1469da5a2f0229",
                "sha256:68aed3fb0c61296bd6d234f558f78c51671f79ccb069cbcd428c2eea6fee7a5b",
                "sha256:6a0ef57cccd8089b4249eebad95065390e56c04d4a92c51316eab4131bca96a9",
                "sha256:709396c0c95b95045fac89b94f997410ff39b81a09863fe21002f390d48cc7d3",
                "sha256:73ed1b06abadbf6b61f6033a07c06f36ec0ddca117e41ef2ac37056705e46458",
                "sha256:7a608022f4593fc67518c6c599ae5abdb03bb8acd75993c82cd7a4c8100eff81",
                "sha256:7c4d9770e579eb11b582b2e2fd19fa204a15cb1589ae73cd4dcbb63b64f3e828",
                "sha256:7dbc96419ef0fb6ac56626014e6d3a345aeb8b17a3df8830235a88626ffc8d84",
                "sha256:7f271d0831d8ebc56e17b37f9fa1824b0379221d1238ae77c18a6e8c47f1fdce",
                "sha256:82b7fc67e49fdce671bdbec1127189fc979badf062ce6e79dc95ef5e07a8bf92",
                "sha256:85b7ee4d0c7a46296d884f6b489af8b960c4291d76aea4b22fd4fbe05e6ec08e",
                "sha256:8b747cef8e5dcdaf394192d43a0c02f5825aeb0ecd3d43e63ae500332ab830b0",
                "sha256:8bf867ba71856414a482e4b683500f946c300c4896e472e51d3db8dfa8dc8f32",
                "sha256:8e0da7ef160d4f3eb3d4d3e39a02c3c42f7dbcfce62c81f784cc99fc7059765f",
                "sha256:8e7d33f93cdd01868327d834d0f5bb029241cd293b47d51b96814dec27fc9b4b",
                "sha256:92183e9180c392371079262879c6532ccf55f808e6900df5d9f03c9ca8807255",
                "sha256:92ad03f928675ca05b79d3b1d3dfc149e2226d57ed9d57808f82105d511d0212",
                "sha256:97af238389cb029d63d5f2d931a7e8f5954ad96e812de5faaed373b68e74df86",
                "sha256:9913bcf730eb6e9b441fb176832eea9acbebab6035542c7c89d90c803f5cd3be",
                "sha256:9dae5affbb66178dad6c6fd5b02221ca9917e016c75ee3945e9a9563eb1fbb6f",
                "sha256:a850f5f369f1e3b6239da7fb43d1d029c1e178263df671819889c47caf7e4ff3",
                "sha256:aa6daa189db9104787ff1fd7a7623ce017077aa59eaac609d0d25ba95ed251a0",
                "sha256:aabc28f7599f781ddaeac168d0b566d0db82182cc3dcf62129f0a4fc2927b811",
                "sha256:af1e687ffab18a75409e5e5d6215b6ccd41a5a1a0ea6ce9665e01253f737a0d3",
                "sha256:b1d53835922cd0f9b74b2742453a444865a70abae38d12eb41c59271da66f38d",
                "sha256:b2df3ede85d778c949d9bd2a50237072cee3df0a423c91f5514f78f8035bde87",
                "sha256:b415b82e5be7389ec5ee7ee35431e4a549ea327caacf73b697c6b3538cb5c87f",
                "sha256:b7ba3c304a4a5d8112dbd30df8b3e4ef59b4b07807957d3c410d9713abaee9a8",
                "sha256:bcc6f7a3a95119c3568c572ca167ada75f8319890706283b9ba59b3489c9bcb3",
                "sha256:be392d9cd5309509175a9d7660dc17bf57084501108dbff0c5a8bfc3646048c3",
                "sha256:bea61de0c688198e3d9479344228c7accaa22a78b58ec408e41750ebafee6c08",
                "sha256:bedb3d01ad35ea1745bdb1d57f3ee0f996f988c98f5bbae9d068c3bb3065d210",
                "sha256:c36906a7855ec33a9083608e6cd595e4729dab18aeb9aad0dd0b039240266239",
                "sha256:c4fdf837666f7793a5c3cfa2f2f39f03eb6c7e92e831bc64486c2f547580c2b3",
                "sha256:cfad3a770839aa456ff9a9aa0e253d98b628d005a3ccb37da1ff9be7c84fee16",
                "sha256:d128e278e5e554c5c022c7bed410ca851e00bacebbb4460de546a73bc53f8de4",
                "sha256:dffd9114ade73137ab2b79a8faf864683dbd2dbbb6b23a305fbbd4cbaeeb2187",
                "sha256:e2acf5c66fbb62b5fe4c40978ddebafa50818f00bf79d60569d9762f6356336e",
                "sha256:e65580ae3137bce712f505ec7c2d700aef0014a3878c4767b74aff5895fc454f",
                "sha256:e944268445b5694f5d41292c9228f0ca46d5a32a67f195d5f8547c1f1d91f4bc",
                "sha256:ed26c3d2d62c6588e0dad175b8d8cc0942a638f32d07b80f92043e5d73b7db67",
                "sha256:ed625205f5f26984382b68e4cbcbc08e6603c9e84c14b38457170b0cc71c823b",
                "sha256:f2a5d9f612091812dee18375a45d046526452142e7b78c4e21ab192db15453d5",
                "sha256:f86aef546add4ff1202e1f31e9bb54f9268f17d996b2428877283146bf9bc013",
                "sha256:f89d26e50a4c7453cb8c415acd09e72fbade2610606a9c500a1e48c43210a42d",
                "sha256:fb7107faf0168de087f62a2f2ed00f9e9da12e0b801582b516ddac236b871cda"
            ],
            "markers": "python_version >= '3.6'",
            "version": "==2022.4.24"
        },
        "tomli": {
            "hashes": [
                "sha256:05b6166bff487dc068d322585c7ea4ef78deed501cc124060e0f238e89a9231f",
                "sha256:e3069e4be3ead9668e21cb9b074cd948f7b3113fd9c8bba083f48247aab8b11c"
            ],
            "markers": "python_version >= '3.6'",
            "version": "==1.2.3"
        }
    }
}
